// !$*UTF8*$!
{
	archiveVersion = 1;
	classes = {
	};
	objectVersion = 56;
	objects = {

/* Begin PBXBuildFile section */
		53168C1D2BCCCE90008E621D /* WorkoutDisplayController.swift in Sources */ = {isa = PBXBuildFile; fileRef = 53168C1C2BCCCE90008E621D /* WorkoutDisplayController.swift */; };
		53168C1F2BCCE16C008E621D /* ArrayExtension.swift in Sources */ = {isa = PBXBuildFile; fileRef = 53168C1E2BCCE16C008E621D /* ArrayExtension.swift */; };
		53F82CE52BC091C200A1C6BB /* AppDelegate.swift in Sources */ = {isa = PBXBuildFile; fileRef = 53F82CE42BC091C200A1C6BB /* AppDelegate.swift */; };
		53F82CE72BC091C200A1C6BB /* SceneDelegate.swift in Sources */ = {isa = PBXBuildFile; fileRef = 53F82CE62BC091C200A1C6BB /* SceneDelegate.swift */; };
		53F82CE92BC091C200A1C6BB /* ViewController.swift in Sources */ = {isa = PBXBuildFile; fileRef = 53F82CE82BC091C200A1C6BB /* ViewController.swift */; };
		53F82CEC2BC091C200A1C6BB /* Main.storyboard in Resources */ = {isa = PBXBuildFile; fileRef = 53F82CEA2BC091C200A1C6BB /* Main.storyboard */; };
		53F82CEE2BC091C600A1C6BB /* Assets.xcassets in Resources */ = {isa = PBXBuildFile; fileRef = 53F82CED2BC091C600A1C6BB /* Assets.xcassets */; };
		53F82CF12BC091C600A1C6BB /* LaunchScreen.storyboard in Resources */ = {isa = PBXBuildFile; fileRef = 53F82CEF2BC091C600A1C6BB /* LaunchScreen.storyboard */; };
		53F82CFC2BC091C700A1C6BB /* FitProgressTests.swift in Sources */ = {isa = PBXBuildFile; fileRef = 53F82CFB2BC091C700A1C6BB /* FitProgressTests.swift */; };
		53F82D062BC091C700A1C6BB /* FitProgressUITests.swift in Sources */ = {isa = PBXBuildFile; fileRef = 53F82D052BC091C700A1C6BB /* FitProgressUITests.swift */; };
		53F82D082BC091C700A1C6BB /* FitProgressUITestsLaunchTests.swift in Sources */ = {isa = PBXBuildFile; fileRef = 53F82D072BC091C700A1C6BB /* FitProgressUITestsLaunchTests.swift */; };
		53F82D152BC2660000A1C6BB /* WorkoutFeedController.swift in Sources */ = {isa = PBXBuildFile; fileRef = 53F82D142BC2660000A1C6BB /* WorkoutFeedController.swift */; };
		53F82D172BC2663200A1C6BB /* WorkoutLogController.swift in Sources */ = {isa = PBXBuildFile; fileRef = 53F82D162BC2663200A1C6BB /* WorkoutLogController.swift */; };
		53F82D192BC2664500A1C6BB /* ProfileViewController.swift in Sources */ = {isa = PBXBuildFile; fileRef = 53F82D182BC2664500A1C6BB /* ProfileViewController.swift */; };
		53F82D1B2BC2665900A1C6BB /* LoginViewController.swift in Sources */ = {isa = PBXBuildFile; fileRef = 53F82D1A2BC2665900A1C6BB /* LoginViewController.swift */; };
		53F82D1D2BC2667200A1C6BB /* SignUpViewController.swift in Sources */ = {isa = PBXBuildFile; fileRef = 53F82D1C2BC2667200A1C6BB /* SignUpViewController.swift */; };
		53F82D202BC2687700A1C6BB /* ParseSwift in Frameworks */ = {isa = PBXBuildFile; productRef = 53F82D1F2BC2687700A1C6BB /* ParseSwift */; };
		53F82D232BC268A300A1C6BB /* AlamofireImage in Frameworks */ = {isa = PBXBuildFile; productRef = 53F82D222BC268A300A1C6BB /* AlamofireImage */; };
		53F82D252BC26B5000A1C6BB /* User.swift in Sources */ = {isa = PBXBuildFile; fileRef = 53F82D242BC26B5000A1C6BB /* User.swift */; };
		53F82D272BC26B8600A1C6BB /* Workout.swift in Sources */ = {isa = PBXBuildFile; fileRef = 53F82D262BC26B8600A1C6BB /* Workout.swift */; };
		53F82D292BC26C0000A1C6BB /* FeedCell.swift in Sources */ = {isa = PBXBuildFile; fileRef = 53F82D282BC26C0000A1C6BB /* FeedCell.swift */; };
/* End PBXBuildFile section */

/* Begin PBXContainerItemProxy section */
		53F82CF82BC091C700A1C6BB /* PBXContainerItemProxy */ = {
			isa = PBXContainerItemProxy;
			containerPortal = 53F82CD92BC091C200A1C6BB /* Project object */;
			proxyType = 1;
			remoteGlobalIDString = 53F82CE02BC091C200A1C6BB;
			remoteInfo = FitProgress;
		};
		53F82D022BC091C700A1C6BB /* PBXContainerItemProxy */ = {
			isa = PBXContainerItemProxy;
			containerPortal = 53F82CD92BC091C200A1C6BB /* Project object */;
			proxyType = 1;
			remoteGlobalIDString = 53F82CE02BC091C200A1C6BB;
			remoteInfo = FitProgress;
		};
/* End PBXContainerItemProxy section */

/* Begin PBXFileReference section */
		53168C1C2BCCCE90008E621D /* WorkoutDisplayController.swift */ = {isa = PBXFileReference; lastKnownFileType = sourcecode.swift; path = WorkoutDisplayController.swift; sourceTree = "<group>"; };
		53168C1E2BCCE16C008E621D /* ArrayExtension.swift */ = {isa = PBXFileReference; lastKnownFileType = sourcecode.swift; path = ArrayExtension.swift; sourceTree = "<group>"; };
		53F82CE12BC091C200A1C6BB /* FitProgress.app */ = {isa = PBXFileReference; explicitFileType = wrapper.application; includeInIndex = 0; path = FitProgress.app; sourceTree = BUILT_PRODUCTS_DIR; };
		53F82CE42BC091C200A1C6BB /* AppDelegate.swift */ = {isa = PBXFileReference; lastKnownFileType = sourcecode.swift; path = AppDelegate.swift; sourceTree = "<group>"; };
		53F82CE62BC091C200A1C6BB /* SceneDelegate.swift */ = {isa = PBXFileReference; lastKnownFileType = sourcecode.swift; path = SceneDelegate.swift; sourceTree = "<group>"; };
		53F82CE82BC091C200A1C6BB /* ViewController.swift */ = {isa = PBXFileReference; lastKnownFileType = sourcecode.swift; path = ViewController.swift; sourceTree = "<group>"; };
		53F82CEB2BC091C200A1C6BB /* Base */ = {isa = PBXFileReference; lastKnownFileType = file.storyboard; name = Base; path = Base.lproj/Main.storyboard; sourceTree = "<group>"; };
		53F82CED2BC091C600A1C6BB /* Assets.xcassets */ = {isa = PBXFileReference; lastKnownFileType = folder.assetcatalog; path = Assets.xcassets; sourceTree = "<group>"; };
		53F82CF02BC091C600A1C6BB /* Base */ = {isa = PBXFileReference; lastKnownFileType = file.storyboard; name = Base; path = Base.lproj/LaunchScreen.storyboard; sourceTree = "<group>"; };
		53F82CF22BC091C600A1C6BB /* Info.plist */ = {isa = PBXFileReference; lastKnownFileType = text.plist.xml; path = Info.plist; sourceTree = "<group>"; };
		53F82CF72BC091C700A1C6BB /* FitProgressTests.xctest */ = {isa = PBXFileReference; explicitFileType = wrapper.cfbundle; includeInIndex = 0; path = FitProgressTests.xctest; sourceTree = BUILT_PRODUCTS_DIR; };
		53F82CFB2BC091C700A1C6BB /* FitProgressTests.swift */ = {isa = PBXFileReference; lastKnownFileType = sourcecode.swift; path = FitProgressTests.swift; sourceTree = "<group>"; };
		53F82D012BC091C700A1C6BB /* FitProgressUITests.xctest */ = {isa = PBXFileReference; explicitFileType = wrapper.cfbundle; includeInIndex = 0; path = FitProgressUITests.xctest; sourceTree = BUILT_PRODUCTS_DIR; };
		53F82D052BC091C700A1C6BB /* FitProgressUITests.swift */ = {isa = PBXFileReference; lastKnownFileType = sourcecode.swift; path = FitProgressUITests.swift; sourceTree = "<group>"; };
		53F82D072BC091C700A1C6BB /* FitProgressUITestsLaunchTests.swift */ = {isa = PBXFileReference; lastKnownFileType = sourcecode.swift; path = FitProgressUITestsLaunchTests.swift; sourceTree = "<group>"; };
		53F82D142BC2660000A1C6BB /* WorkoutFeedController.swift */ = {isa = PBXFileReference; lastKnownFileType = sourcecode.swift; path = WorkoutFeedController.swift; sourceTree = "<group>"; };
		53F82D162BC2663200A1C6BB /* WorkoutLogController.swift */ = {isa = PBXFileReference; lastKnownFileType = sourcecode.swift; path = WorkoutLogController.swift; sourceTree = "<group>"; };
		53F82D182BC2664500A1C6BB /* ProfileViewController.swift */ = {isa = PBXFileReference; lastKnownFileType = sourcecode.swift; path = ProfileViewController.swift; sourceTree = "<group>"; };
		53F82D1A2BC2665900A1C6BB /* LoginViewController.swift */ = {isa = PBXFileReference; lastKnownFileType = sourcecode.swift; path = LoginViewController.swift; sourceTree = "<group>"; };
		53F82D1C2BC2667200A1C6BB /* SignUpViewController.swift */ = {isa = PBXFileReference; lastKnownFileType = sourcecode.swift; path = SignUpViewController.swift; sourceTree = "<group>"; };
		53F82D242BC26B5000A1C6BB /* User.swift */ = {isa = PBXFileReference; lastKnownFileType = sourcecode.swift; path = User.swift; sourceTree = "<group>"; };
		53F82D262BC26B8600A1C6BB /* Workout.swift */ = {isa = PBXFileReference; lastKnownFileType = sourcecode.swift; path = Workout.swift; sourceTree = "<group>"; };
		53F82D282BC26C0000A1C6BB /* FeedCell.swift */ = {isa = PBXFileReference; lastKnownFileType = sourcecode.swift; path = FeedCell.swift; sourceTree = "<group>"; };
/* End PBXFileReference section */

/* Begin PBXFrameworksBuildPhase section */
		53F82CDE2BC091C200A1C6BB /* Frameworks */ = {
			isa = PBXFrameworksBuildPhase;
			buildActionMask = 2147483647;
			files = (
				53F82D202BC2687700A1C6BB /* ParseSwift in Frameworks */,
				53F82D232BC268A300A1C6BB /* AlamofireImage in Frameworks */,
			);
			runOnlyForDeploymentPostprocessing = 0;
		};
		53F82CF42BC091C700A1C6BB /* Frameworks */ = {
			isa = PBXFrameworksBuildPhase;
			buildActionMask = 2147483647;
			files = (
			);
			runOnlyForDeploymentPostprocessing = 0;
		};
		53F82CFE2BC091C700A1C6BB /* Frameworks */ = {
			isa = PBXFrameworksBuildPhase;
			buildActionMask = 2147483647;
			files = (
			);
			runOnlyForDeploymentPostprocessing = 0;
		};
/* End PBXFrameworksBuildPhase section */

/* Begin PBXGroup section */
		53F82CD82BC091C200A1C6BB = {
			isa = PBXGroup;
			children = (
				53F82CE32BC091C200A1C6BB /* FitProgress */,
				53F82CFA2BC091C700A1C6BB /* FitProgressTests */,
				53F82D042BC091C700A1C6BB /* FitProgressUITests */,
				53F82CE22BC091C200A1C6BB /* Products */,
			);
			sourceTree = "<group>";
		};
		53F82CE22BC091C200A1C6BB /* Products */ = {
			isa = PBXGroup;
			children = (
				53F82CE12BC091C200A1C6BB /* FitProgress.app */,
				53F82CF72BC091C700A1C6BB /* FitProgressTests.xctest */,
				53F82D012BC091C700A1C6BB /* FitProgressUITests.xctest */,
			);
			name = Products;
			sourceTree = "<group>";
		};
		53F82CE32BC091C200A1C6BB /* FitProgress */ = {
			isa = PBXGroup;
			children = (
				53F82CE42BC091C200A1C6BB /* AppDelegate.swift */,
				53F82CE62BC091C200A1C6BB /* SceneDelegate.swift */,
				53F82CE82BC091C200A1C6BB /* ViewController.swift */,
				53F82CEA2BC091C200A1C6BB /* Main.storyboard */,
				53F82CED2BC091C600A1C6BB /* Assets.xcassets */,
				53F82CEF2BC091C600A1C6BB /* LaunchScreen.storyboard */,
				53F82CF22BC091C600A1C6BB /* Info.plist */,
				53F82D1A2BC2665900A1C6BB /* LoginViewController.swift */,
				53F82D1C2BC2667200A1C6BB /* SignUpViewController.swift */,
				53F82D142BC2660000A1C6BB /* WorkoutFeedController.swift */,
				53F82D282BC26C0000A1C6BB /* FeedCell.swift */,
				53168C1C2BCCCE90008E621D /* WorkoutDisplayController.swift */,
				53F82D162BC2663200A1C6BB /* WorkoutLogController.swift */,
				53F82D182BC2664500A1C6BB /* ProfileViewController.swift */,
				53F82D242BC26B5000A1C6BB /* User.swift */,
				53F82D262BC26B8600A1C6BB /* Workout.swift */,
				53168C1E2BCCE16C008E621D /* ArrayExtension.swift */,
			);
			path = FitProgress;
			sourceTree = "<group>";
		};
		53F82CFA2BC091C700A1C6BB /* FitProgressTests */ = {
			isa = PBXGroup;
			children = (
				53F82CFB2BC091C700A1C6BB /* FitProgressTests.swift */,
			);
			path = FitProgressTests;
			sourceTree = "<group>";
		};
		53F82D042BC091C700A1C6BB /* FitProgressUITests */ = {
			isa = PBXGroup;
			children = (
				53F82D052BC091C700A1C6BB /* FitProgressUITests.swift */,
				53F82D072BC091C700A1C6BB /* FitProgressUITestsLaunchTests.swift */,
			);
			path = FitProgressUITests;
			sourceTree = "<group>";
		};
/* End PBXGroup section */

/* Begin PBXNativeTarget section */
		53F82CE02BC091C200A1C6BB /* FitProgress */ = {
			isa = PBXNativeTarget;
			buildConfigurationList = 53F82D0B2BC091C700A1C6BB /* Build configuration list for PBXNativeTarget "FitProgress" */;
			buildPhases = (
				53F82CDD2BC091C200A1C6BB /* Sources */,
				53F82CDE2BC091C200A1C6BB /* Frameworks */,
				53F82CDF2BC091C200A1C6BB /* Resources */,
			);
			buildRules = (
			);
			dependencies = (
			);
			name = FitProgress;
			packageProductDependencies = (
				53F82D1F2BC2687700A1C6BB /* ParseSwift */,
				53F82D222BC268A300A1C6BB /* AlamofireImage */,
			);
			productName = FitProgress;
			productReference = 53F82CE12BC091C200A1C6BB /* FitProgress.app */;
			productType = "com.apple.product-type.application";
		};
		53F82CF62BC091C700A1C6BB /* FitProgressTests */ = {
			isa = PBXNativeTarget;
			buildConfigurationList = 53F82D0E2BC091C700A1C6BB /* Build configuration list for PBXNativeTarget "FitProgressTests" */;
			buildPhases = (
				53F82CF32BC091C700A1C6BB /* Sources */,
				53F82CF42BC091C700A1C6BB /* Frameworks */,
				53F82CF52BC091C700A1C6BB /* Resources */,
			);
			buildRules = (
			);
			dependencies = (
				53F82CF92BC091C700A1C6BB /* PBXTargetDependency */,
			);
			name = FitProgressTests;
			productName = FitProgressTests;
			productReference = 53F82CF72BC091C700A1C6BB /* FitProgressTests.xctest */;
			productType = "com.apple.product-type.bundle.unit-test";
		};
		53F82D002BC091C700A1C6BB /* FitProgressUITests */ = {
			isa = PBXNativeTarget;
			buildConfigurationList = 53F82D112BC091C700A1C6BB /* Build configuration list for PBXNativeTarget "FitProgressUITests" */;
			buildPhases = (
				53F82CFD2BC091C700A1C6BB /* Sources */,
				53F82CFE2BC091C700A1C6BB /* Frameworks */,
				53F82CFF2BC091C700A1C6BB /* Resources */,
			);
			buildRules = (
			);
			dependencies = (
				53F82D032BC091C700A1C6BB /* PBXTargetDependency */,
			);
			name = FitProgressUITests;
			productName = FitProgressUITests;
			productReference = 53F82D012BC091C700A1C6BB /* FitProgressUITests.xctest */;
			productType = "com.apple.product-type.bundle.ui-testing";
		};
/* End PBXNativeTarget section */

/* Begin PBXProject section */
		53F82CD92BC091C200A1C6BB /* Project object */ = {
			isa = PBXProject;
			attributes = {
				BuildIndependentTargetsInParallel = 1;
				LastSwiftUpdateCheck = 1520;
				LastUpgradeCheck = 1520;
				TargetAttributes = {
					53F82CE02BC091C200A1C6BB = {
						CreatedOnToolsVersion = 15.2;
					};
					53F82CF62BC091C700A1C6BB = {
						CreatedOnToolsVersion = 15.2;
						TestTargetID = 53F82CE02BC091C200A1C6BB;
					};
					53F82D002BC091C700A1C6BB = {
						CreatedOnToolsVersion = 15.2;
						TestTargetID = 53F82CE02BC091C200A1C6BB;
					};
				};
			};
			buildConfigurationList = 53F82CDC2BC091C200A1C6BB /* Build configuration list for PBXProject "FitProgress" */;
			compatibilityVersion = "Xcode 14.0";
			developmentRegion = en;
			hasScannedForEncodings = 0;
			knownRegions = (
				en,
				Base,
			);
			mainGroup = 53F82CD82BC091C200A1C6BB;
			packageReferences = (
				53F82D1E2BC2687700A1C6BB /* XCRemoteSwiftPackageReference "Parse-Swift" */,
				53F82D212BC268A300A1C6BB /* XCRemoteSwiftPackageReference "AlamofireImage" */,
			);
			productRefGroup = 53F82CE22BC091C200A1C6BB /* Products */;
			projectDirPath = "";
			projectRoot = "";
			targets = (
				53F82CE02BC091C200A1C6BB /* FitProgress */,
				53F82CF62BC091C700A1C6BB /* FitProgressTests */,
				53F82D002BC091C700A1C6BB /* FitProgressUITests */,
			);
		};
/* End PBXProject section */

/* Begin PBXResourcesBuildPhase section */
		53F82CDF2BC091C200A1C6BB /* Resources */ = {
			isa = PBXResourcesBuildPhase;
			buildActionMask = 2147483647;
			files = (
				53F82CF12BC091C600A1C6BB /* LaunchScreen.storyboard in Resources */,
				53F82CEE2BC091C600A1C6BB /* Assets.xcassets in Resources */,
				53F82CEC2BC091C200A1C6BB /* Main.storyboard in Resources */,
			);
			runOnlyForDeploymentPostprocessing = 0;
		};
		53F82CF52BC091C700A1C6BB /* Resources */ = {
			isa = PBXResourcesBuildPhase;
			buildActionMask = 2147483647;
			files = (
			);
			runOnlyForDeploymentPostprocessing = 0;
		};
		53F82CFF2BC091C700A1C6BB /* Resources */ = {
			isa = PBXResourcesBuildPhase;
			buildActionMask = 2147483647;
			files = (
			);
			runOnlyForDeploymentPostprocessing = 0;
		};
/* End PBXResourcesBuildPhase section */

/* Begin PBXSourcesBuildPhase section */
		53F82CDD2BC091C200A1C6BB /* Sources */ = {
			isa = PBXSourcesBuildPhase;
			buildActionMask = 2147483647;
			files = (
				53F82D1B2BC2665900A1C6BB /* LoginViewController.swift in Sources */,
				53F82D192BC2664500A1C6BB /* ProfileViewController.swift in Sources */,
				53168C1D2BCCCE90008E621D /* WorkoutDisplayController.swift in Sources */,
				53F82D1D2BC2667200A1C6BB /* SignUpViewController.swift in Sources */,
				53F82D272BC26B8600A1C6BB /* Workout.swift in Sources */,
				53F82D292BC26C0000A1C6BB /* FeedCell.swift in Sources */,
				53F82CE92BC091C200A1C6BB /* ViewController.swift in Sources */,
				53F82D152BC2660000A1C6BB /* WorkoutFeedController.swift in Sources */,
				53F82D252BC26B5000A1C6BB /* User.swift in Sources */,
				53F82CE52BC091C200A1C6BB /* AppDelegate.swift in Sources */,
				53F82CE72BC091C200A1C6BB /* SceneDelegate.swift in Sources */,
				53F82D172BC2663200A1C6BB /* WorkoutLogController.swift in Sources */,
				53168C1F2BCCE16C008E621D /* ArrayExtension.swift in Sources */,
			);
			runOnlyForDeploymentPostprocessing = 0;
		};
		53F82CF32BC091C700A1C6BB /* Sources */ = {
			isa = PBXSourcesBuildPhase;
			buildActionMask = 2147483647;
			files = (
				53F82CFC2BC091C700A1C6BB /* FitProgressTests.swift in Sources */,
			);
			runOnlyForDeploymentPostprocessing = 0;
		};
		53F82CFD2BC091C700A1C6BB /* Sources */ = {
			isa = PBXSourcesBuildPhase;
			buildActionMask = 2147483647;
			files = (
				53F82D062BC091C700A1C6BB /* FitProgressUITests.swift in Sources */,
				53F82D082BC091C700A1C6BB /* FitProgressUITestsLaunchTests.swift in Sources */,
			);
			runOnlyForDeploymentPostprocessing = 0;
		};
/* End PBXSourcesBuildPhase section */

/* Begin PBXTargetDependency section */
		53F82CF92BC091C700A1C6BB /* PBXTargetDependency */ = {
			isa = PBXTargetDependency;
			target = 53F82CE02BC091C200A1C6BB /* FitProgress */;
			targetProxy = 53F82CF82BC091C700A1C6BB /* PBXContainerItemProxy */;
		};
		53F82D032BC091C700A1C6BB /* PBXTargetDependency */ = {
			isa = PBXTargetDependency;
			target = 53F82CE02BC091C200A1C6BB /* FitProgress */;
			targetProxy = 53F82D022BC091C700A1C6BB /* PBXContainerItemProxy */;
		};
/* End PBXTargetDependency section */

/* Begin PBXVariantGroup section */
		53F82CEA2BC091C200A1C6BB /* Main.storyboard */ = {
			isa = PBXVariantGroup;
			children = (
				53F82CEB2BC091C200A1C6BB /* Base */,
			);
			name = Main.storyboard;
			sourceTree = "<group>";
		};
		53F82CEF2BC091C600A1C6BB /* LaunchScreen.storyboard */ = {
			isa = PBXVariantGroup;
			children = (
				53F82CF02BC091C600A1C6BB /* Base */,
			);
			name = LaunchScreen.storyboard;
			sourceTree = "<group>";
		};
/* End PBXVariantGroup section */

/* Begin XCBuildConfiguration section */
		53F82D092BC091C700A1C6BB /* Debug */ = {
			isa = XCBuildConfiguration;
			buildSettings = {
				ALWAYS_SEARCH_USER_PATHS = NO;
				ASSETCATALOG_COMPILER_GENERATE_SWIFT_ASSET_SYMBOL_EXTENSIONS = YES;
				CLANG_ANALYZER_NONNULL = YES;
				CLANG_ANALYZER_NUMBER_OBJECT_CONVERSION = YES_AGGRESSIVE;
				CLANG_CXX_LANGUAGE_STANDARD = "gnu++20";
				CLANG_ENABLE_MODULES = YES;
				CLANG_ENABLE_OBJC_ARC = YES;
				CLANG_ENABLE_OBJC_WEAK = YES;
				CLANG_WARN_BLOCK_CAPTURE_AUTORELEASING = YES;
				CLANG_WARN_BOOL_CONVERSION = YES;
				CLANG_WARN_COMMA = YES;
				CLANG_WARN_CONSTANT_CONVERSION = YES;
				CLANG_WARN_DEPRECATED_OBJC_IMPLEMENTATIONS = YES;
				CLANG_WARN_DIRECT_OBJC_ISA_USAGE = YES_ERROR;
				CLANG_WARN_DOCUMENTATION_COMMENTS = YES;
				CLANG_WARN_EMPTY_BODY = YES;
				CLANG_WARN_ENUM_CONVERSION = YES;
				CLANG_WARN_INFINITE_RECURSION = YES;
				CLANG_WARN_INT_CONVERSION = YES;
				CLANG_WARN_NON_LITERAL_NULL_CONVERSION = YES;
				CLANG_WARN_OBJC_IMPLICIT_RETAIN_SELF = YES;
				CLANG_WARN_OBJC_LITERAL_CONVERSION = YES;
				CLANG_WARN_OBJC_ROOT_CLASS = YES_ERROR;
				CLANG_WARN_QUOTED_INCLUDE_IN_FRAMEWORK_HEADER = YES;
				CLANG_WARN_RANGE_LOOP_ANALYSIS = YES;
				CLANG_WARN_STRICT_PROTOTYPES = YES;
				CLANG_WARN_SUSPICIOUS_MOVE = YES;
				CLANG_WARN_UNGUARDED_AVAILABILITY = YES_AGGRESSIVE;
				CLANG_WARN_UNREACHABLE_CODE = YES;
				CLANG_WARN__DUPLICATE_METHOD_MATCH = YES;
				COPY_PHASE_STRIP = NO;
				DEBUG_INFORMATION_FORMAT = dwarf;
				ENABLE_STRICT_OBJC_MSGSEND = YES;
				ENABLE_TESTABILITY = YES;
				ENABLE_USER_SCRIPT_SANDBOXING = YES;
				GCC_C_LANGUAGE_STANDARD = gnu17;
				GCC_DYNAMIC_NO_PIC = NO;
				GCC_NO_COMMON_BLOCKS = YES;
				GCC_OPTIMIZATION_LEVEL = 0;
				GCC_PREPROCESSOR_DEFINITIONS = (
					"DEBUG=1",
					"$(inherited)",
				);
				GCC_WARN_64_TO_32_BIT_CONVERSION = YES;
				GCC_WARN_ABOUT_RETURN_TYPE = YES_ERROR;
				GCC_WARN_UNDECLARED_SELECTOR = YES;
				GCC_WARN_UNINITIALIZED_AUTOS = YES_AGGRESSIVE;
				GCC_WARN_UNUSED_FUNCTION = YES;
				GCC_WARN_UNUSED_VARIABLE = YES;
				IPHONEOS_DEPLOYMENT_TARGET = 17.2;
				LOCALIZATION_PREFERS_STRING_CATALOGS = YES;
				MTL_ENABLE_DEBUG_INFO = INCLUDE_SOURCE;
				MTL_FAST_MATH = YES;
				ONLY_ACTIVE_ARCH = YES;
				SDKROOT = iphoneos;
				SWIFT_ACTIVE_COMPILATION_CONDITIONS = "DEBUG $(inherited)";
				SWIFT_OPTIMIZATION_LEVEL = "-Onone";
			};
			name = Debug;
		};
		53F82D0A2BC091C700A1C6BB /* Release */ = {
			isa = XCBuildConfiguration;
			buildSettings = {
				ALWAYS_SEARCH_USER_PATHS = NO;
				ASSETCATALOG_COMPILER_GENERATE_SWIFT_ASSET_SYMBOL_EXTENSIONS = YES;
				CLANG_ANALYZER_NONNULL = YES;
				CLANG_ANALYZER_NUMBER_OBJECT_CONVERSION = YES_AGGRESSIVE;
				CLANG_CXX_LANGUAGE_STANDARD = "gnu++20";
				CLANG_ENABLE_MODULES = YES;
				CLANG_ENABLE_OBJC_ARC = YES;
				CLANG_ENABLE_OBJC_WEAK = YES;
				CLANG_WARN_BLOCK_CAPTURE_AUTORELEASING = YES;
				CLANG_WARN_BOOL_CONVERSION = YES;
				CLANG_WARN_COMMA = YES;
				CLANG_WARN_CONSTANT_CONVERSION = YES;
				CLANG_WARN_DEPRECATED_OBJC_IMPLEMENTATIONS = YES;
				CLANG_WARN_DIRECT_OBJC_ISA_USAGE = YES_ERROR;
				CLANG_WARN_DOCUMENTATION_COMMENTS = YES;
				CLANG_WARN_EMPTY_BODY = YES;
				CLANG_WARN_ENUM_CONVERSION = YES;
				CLANG_WARN_INFINITE_RECURSION = YES;
				CLANG_WARN_INT_CONVERSION = YES;
				CLANG_WARN_NON_LITERAL_NULL_CONVERSION = YES;
				CLANG_WARN_OBJC_IMPLICIT_RETAIN_SELF = YES;
				CLANG_WARN_OBJC_LITERAL_CONVERSION = YES;
				CLANG_WARN_OBJC_ROOT_CLASS = YES_ERROR;
				CLANG_WARN_QUOTED_INCLUDE_IN_FRAMEWORK_HEADER = YES;
				CLANG_WARN_RANGE_LOOP_ANALYSIS = YES;
				CLANG_WARN_STRICT_PROTOTYPES = YES;
				CLANG_WARN_SUSPICIOUS_MOVE = YES;
				CLANG_WARN_UNGUARDED_AVAILABILITY = YES_AGGRESSIVE;
				CLANG_WARN_UNREACHABLE_CODE = YES;
				CLANG_WARN__DUPLICATE_METHOD_MATCH = YES;
				COPY_PHASE_STRIP = NO;
				DEBUG_INFORMATION_FORMAT = "dwarf-with-dsym";
				ENABLE_NS_ASSERTIONS = NO;
				ENABLE_STRICT_OBJC_MSGSEND = YES;
				ENABLE_USER_SCRIPT_SANDBOXING = YES;
				GCC_C_LANGUAGE_STANDARD = gnu17;
				GCC_NO_COMMON_BLOCKS = YES;
				GCC_WARN_64_TO_32_BIT_CONVERSION = YES;
				GCC_WARN_ABOUT_RETURN_TYPE = YES_ERROR;
				GCC_WARN_UNDECLARED_SELECTOR = YES;
				GCC_WARN_UNINITIALIZED_AUTOS = YES_AGGRESSIVE;
				GCC_WARN_UNUSED_FUNCTION = YES;
				GCC_WARN_UNUSED_VARIABLE = YES;
				IPHONEOS_DEPLOYMENT_TARGET = 17.2;
				LOCALIZATION_PREFERS_STRING_CATALOGS = YES;
				MTL_ENABLE_DEBUG_INFO = NO;
				MTL_FAST_MATH = YES;
				SDKROOT = iphoneos;
				SWIFT_COMPILATION_MODE = wholemodule;
				VALIDATE_PRODUCT = YES;
			};
			name = Release;
		};
		53F82D0C2BC091C700A1C6BB /* Debug */ = {
			isa = XCBuildConfiguration;
			buildSettings = {
				ASSETCATALOG_COMPILER_APPICON_NAME = AppIcon;
				ASSETCATALOG_COMPILER_GLOBAL_ACCENT_COLOR_NAME = AccentColor;
				CODE_SIGN_STYLE = Automatic;
				CURRENT_PROJECT_VERSION = 1;
				GENERATE_INFOPLIST_FILE = YES;
				INFOPLIST_FILE = FitProgress/Info.plist;
				INFOPLIST_KEY_UIApplicationSupportsIndirectInputEvents = YES;
				INFOPLIST_KEY_UILaunchStoryboardName = LaunchScreen;
				INFOPLIST_KEY_UIMainStoryboardFile = Main;
				INFOPLIST_KEY_UISupportedInterfaceOrientations_iPad = "UIInterfaceOrientationPortrait UIInterfaceOrientationPortraitUpsideDown UIInterfaceOrientationLandscapeLeft UIInterfaceOrientationLandscapeRight";
				INFOPLIST_KEY_UISupportedInterfaceOrientations_iPhone = "UIInterfaceOrientationPortrait UIInterfaceOrientationLandscapeLeft UIInterfaceOrientationLandscapeRight";
				LD_RUNPATH_SEARCH_PATHS = (
					"$(inherited)",
					"@executable_path/Frameworks",
				);
				MARKETING_VERSION = 1.0;
				PRODUCT_BUNDLE_IDENTIFIER = cebaBryan.FitProgress;
				PRODUCT_NAME = "$(TARGET_NAME)";
				SWIFT_EMIT_LOC_STRINGS = YES;
				SWIFT_VERSION = 5.0;
				TARGETED_DEVICE_FAMILY = "1,2";
			};
			name = Debug;
		};
		53F82D0D2BC091C700A1C6BB /* Release */ = {
			isa = XCBuildConfiguration;
			buildSettings = {
				ASSETCATALOG_COMPILER_APPICON_NAME = AppIcon;
				ASSETCATALOG_COMPILER_GLOBAL_ACCENT_COLOR_NAME = AccentColor;
				CODE_SIGN_STYLE = Automatic;
				CURRENT_PROJECT_VERSION = 1;
				GENERATE_INFOPLIST_FILE = YES;
				INFOPLIST_FILE = FitProgress/Info.plist;
				INFOPLIST_KEY_UIApplicationSupportsIndirectInputEvents = YES;
				INFOPLIST_KEY_UILaunchStoryboardName = LaunchScreen;
				INFOPLIST_KEY_UIMainStoryboardFile = Main;
				INFOPLIST_KEY_UISupportedInterfaceOrientations_iPad = "UIInterfaceOrientationPortrait UIInterfaceOrientationPortraitUpsideDown UIInterfaceOrientationLandscapeLeft UIInterfaceOrientationLandscapeRight";
				INFOPLIST_KEY_UISupportedInterfaceOrientations_iPhone = "UIInterfaceOrientationPortrait UIInterfaceOrientationLandscapeLeft UIInterfaceOrientationLandscapeRight";
				LD_RUNPATH_SEARCH_PATHS = (
					"$(inherited)",
					"@executable_path/Frameworks",
				);
				MARKETING_VERSION = 1.0;
				PRODUCT_BUNDLE_IDENTIFIER = cebaBryan.FitProgress;
				PRODUCT_NAME = "$(TARGET_NAME)";
				SWIFT_EMIT_LOC_STRINGS = YES;
				SWIFT_VERSION = 5.0;
				TARGETED_DEVICE_FAMILY = "1,2";
			};
			name = Release;
		};
		53F82D0F2BC091C700A1C6BB /* Debug */ = {
			isa = XCBuildConfiguration;
			buildSettings = {
				ALWAYS_EMBED_SWIFT_STANDARD_LIBRARIES = YES;
				BUNDLE_LOADER = "$(TEST_HOST)";
				CODE_SIGN_STYLE = Automatic;
				CURRENT_PROJECT_VERSION = 1;
				GENERATE_INFOPLIST_FILE = YES;
				IPHONEOS_DEPLOYMENT_TARGET = 17.2;
				MARKETING_VERSION = 1.0;
				PRODUCT_BUNDLE_IDENTIFIER = cebaBryan.FitProgressTests;
				PRODUCT_NAME = "$(TARGET_NAME)";
				SWIFT_EMIT_LOC_STRINGS = NO;
				SWIFT_VERSION = 5.0;
				TARGETED_DEVICE_FAMILY = "1,2";
				TEST_HOST = "$(BUILT_PRODUCTS_DIR)/FitProgress.app/$(BUNDLE_EXECUTABLE_FOLDER_PATH)/FitProgress";
			};
			name = Debug;
		};
		53F82D102BC091C700A1C6BB /* Release */ = {
			isa = XCBuildConfiguration;
			buildSettings = {
				ALWAYS_EMBED_SWIFT_STANDARD_LIBRARIES = YES;
				BUNDLE_LOADER = "$(TEST_HOST)";
				CODE_SIGN_STYLE = Automatic;
				CURRENT_PROJECT_VERSION = 1;
				GENERATE_INFOPLIST_FILE = YES;
				IPHONEOS_DEPLOYMENT_TARGET = 17.2;
				MARKETING_VERSION = 1.0;
				PRODUCT_BUNDLE_IDENTIFIER = cebaBryan.FitProgressTests;
				PRODUCT_NAME = "$(TARGET_NAME)";
				SWIFT_EMIT_LOC_STRINGS = NO;
				SWIFT_VERSION = 5.0;
				TARGETED_DEVICE_FAMILY = "1,2";
				TEST_HOST = "$(BUILT_PRODUCTS_DIR)/FitProgress.app/$(BUNDLE_EXECUTABLE_FOLDER_PATH)/FitProgress";
			};
			name = Release;
		};
		53F82D122BC091C700A1C6BB /* Debug */ = {
			isa = XCBuildConfiguration;
			buildSettings = {
				ALWAYS_EMBED_SWIFT_STANDARD_LIBRARIES = YES;
				CODE_SIGN_STYLE = Automatic;
				CURRENT_PROJECT_VERSION = 1;
				GENERATE_INFOPLIST_FILE = YES;
				MARKETING_VERSION = 1.0;
				PRODUCT_BUNDLE_IDENTIFIER = cebaBryan.FitProgressUITests;
				PRODUCT_NAME = "$(TARGET_NAME)";
				SWIFT_EMIT_LOC_STRINGS = NO;
				SWIFT_VERSION = 5.0;
				TARGETED_DEVICE_FAMILY = "1,2";
				TEST_TARGET_NAME = FitProgress;
			};
			name = Debug;
		};
		53F82D132BC091C700A1C6BB /* Release */ = {
			isa = XCBuildConfiguration;
			buildSettings = {
				ALWAYS_EMBED_SWIFT_STANDARD_LIBRARIES = YES;
				CODE_SIGN_STYLE = Automatic;
				CURRENT_PROJECT_VERSION = 1;
				GENERATE_INFOPLIST_FILE = YES;
				MARKETING_VERSION = 1.0;
				PRODUCT_BUNDLE_IDENTIFIER = cebaBryan.FitProgressUITests;
				PRODUCT_NAME = "$(TARGET_NAME)";
				SWIFT_EMIT_LOC_STRINGS = NO;
				SWIFT_VERSION = 5.0;
				TARGETED_DEVICE_FAMILY = "1,2";
				TEST_TARGET_NAME = FitProgress;
			};
			name = Release;
		};
/* End XCBuildConfiguration section */

/* Begin XCConfigurationList section */
		53F82CDC2BC091C200A1C6BB /* Build configuration list for PBXProject "FitProgress" */ = {
			isa = XCConfigurationList;
			buildConfigurations = (
				53F82D092BC091C700A1C6BB /* Debug */,
				53F82D0A2BC091C700A1C6BB /* Release */,
			);
			defaultConfigurationIsVisible = 0;
			defaultConfigurationName = Release;
		};
		53F82D0B2BC091C700A1C6BB /* Build configuration list for PBXNativeTarget "FitProgress" */ = {
			isa = XCConfigurationList;
			buildConfigurations = (
				53F82D0C2BC091C700A1C6BB /* Debug */,
				53F82D0D2BC091C700A1C6BB /* Release */,
			);
			defaultConfigurationIsVisible = 0;
			defaultConfigurationName = Release;
		};
		53F82D0E2BC091C700A1C6BB /* Build configuration list for PBXNativeTarget "FitProgressTests" */ = {
			isa = XCConfigurationList;
			buildConfigurations = (
				53F82D0F2BC091C700A1C6BB /* Debug */,
				53F82D102BC091C700A1C6BB /* Release */,
			);
			defaultConfigurationIsVisible = 0;
			defaultConfigurationName = Release;
		};
		53F82D112BC091C700A1C6BB /* Build configuration list for PBXNativeTarget "FitProgressUITests" */ = {
			isa = XCConfigurationList;
			buildConfigurations = (
				53F82D122BC091C700A1C6BB /* Debug */,
				53F82D132BC091C700A1C6BB /* Release */,
			);
			defaultConfigurationIsVisible = 0;
			defaultConfigurationName = Release;
		};
/* End XCConfigurationList section */

/* Begin XCRemoteSwiftPackageReference section */
		53F82D1E2BC2687700A1C6BB /* XCRemoteSwiftPackageReference "Parse-Swift" */ = {
			isa = XCRemoteSwiftPackageReference;
			repositoryURL = "https://github.com/parse-community/Parse-Swift";
			requirement = {
				kind = upToNextMajorVersion;
				minimumVersion = 4.14.2;
			};
		};
		53F82D212BC268A300A1C6BB /* XCRemoteSwiftPackageReference "AlamofireImage" */ = {
			isa = XCRemoteSwiftPackageReference;
			repositoryURL = "http://github.com/Alamofire/AlamofireImage.git";
			requirement = {
				kind = upToNextMajorVersion;
				minimumVersion = 4.3.0;
			};
		};
/* End XCRemoteSwiftPackageReference section */

/* Begin XCSwiftPackageProductDependency section */
		53F82D1F2BC2687700A1C6BB /* ParseSwift */ = {
			isa = XCSwiftPackageProductDependency;
			package = 53F82D1E2BC2687700A1C6BB /* XCRemoteSwiftPackageReference "Parse-Swift" */;
			productName = ParseSwift;
		};
		53F82D222BC268A300A1C6BB /* AlamofireImage */ = {
			isa = XCSwiftPackageProductDependency;
			package = 53F82D212BC268A300A1C6BB /* XCRemoteSwiftPackageReference "AlamofireImage" */;
			productName = AlamofireImage;
		};
/* End XCSwiftPackageProductDependency section */
	};
	rootObject = 53F82CD92BC091C200A1C6BB /* Project object */;
}
